
Microsoft Visual Studio Solution File, Format Version 12.00
# Visual Studio 15
Project("{FAE04EC0-301F-11D3-BF4B-00C04F79EFBC}") = "UnityGameFramework.Runtime", "UnityGameFramework.Runtime.csproj", "{32731171-CA46-788C-8622-7C60F2F15F65}"
EndProject
Project("{FAE04EC0-301F-11D3-BF4B-00C04F79EFBC}") = "GameFramework", "GameFramework.csproj", "{604AFF50-3684-B6BD-1D4B-556267C63A5A}"
EndProject
Project("{FAE04EC0-301F-11D3-BF4B-00C04F79EFBC}") = "Assembly-CSharp", "Assembly-CSharp.csproj", "{B2B58FB2-4462-6B0C-A872-40DD957E5FE0}"
EndProject
Project("{FAE04EC0-301F-11D3-BF4B-00C04F79EFBC}") = "UnityGameFramework.Editor", "UnityGameFramework.Editor.csproj", "{2488C954-60D5-CA9D-D96F-8F8BD9D1D34E}"
EndProject
Global
	GlobalSection(SolutionConfigurationPlatforms) = preSolution
		Debug|Any CPU = Debug|Any CPU
		Release|Any CPU = Release|Any CPU
	EndGlobalSection
	GlobalSection(ProjectConfigurationPlatforms) = postSolution
		{32731171-CA46-788C-8622-7C60F2F15F65}.Debug|Any CPU.ActiveCfg = Debug|Any CPU
		{32731171-CA46-788C-8622-7C60F2F15F65}.Debug|Any CPU.Build.0 = Debug|Any CPU
		{32731171-CA46-788C-8622-7C60F2F15F65}.Release|Any CPU.ActiveCfg = Release|Any CPU
		{32731171-CA46-788C-8622-7C60F2F15F65}.Release|Any CPU.Build.0 = Release|Any CPU
		{604AFF50-3684-B6BD-1D4B-556267C63A5A}.Debug|Any CPU.ActiveCfg = Debug|Any CPU
		{604AFF50-3684-B6BD-1D4B-556267C63A5A}.Debug|Any CPU.Build.0 = Debug|Any CPU
		{604AFF50-3684-B6BD-1D4B-556267C63A5A}.Release|Any CPU.ActiveCfg = Release|Any CPU
		{604AFF50-3684-B6BD-1D4B-556267C63A5A}.Release|Any CPU.Build.0 = Release|Any CPU
		{B2B58FB2-4462-6B0C-A872-40DD957E5FE0}.Debug|Any CPU.ActiveCfg = Debug|Any CPU
		{B2B58FB2-4462-6B0C-A872-40DD957E5FE0}.Debug|Any CPU.Build.0 = Debug|Any CPU
		{B2B58FB2-4462-6B0C-A872-40DD957E5FE0}.Release|Any CPU.ActiveCfg = Release|Any CPU
		{B2B58FB2-4462-6B0C-A872-40DD957E5FE0}.Release|Any CPU.Build.0 = Release|Any CPU
		{2488C954-60D5-CA9D-D96F-8F8BD9D1D34E}.Debug|Any CPU.ActiveCfg = Debug|Any CPU
		{2488C954-60D5-CA9D-D96F-8F8BD9D1D34E}.Debug|Any CPU.Build.0 = Debug|Any CPU
		{2488C954-60D5-CA9D-D96F-8F8BD9D1D34E}.Release|Any CPU.ActiveCfg = Release|Any CPU
		{2488C954-60D5-CA9D-D96F-8F8BD9D1D34E}.Release|Any CPU.Build.0 = Release|Any CPU
	EndGlobalSection
	GlobalSection(SolutionProperties) = preSolution
		HideSolutionNode = FALSE
	EndGlobalSection
EndGlobal
